
Microsoft Visual Studio Solution File, Format Version 12.00
# Visual Studio Version 17
VisualStudioVersion = 17.5.002.0
MinimumVisualStudioVersion = 10.0.40219.1
Project("{2150E333-8FDC-42A3-9474-1A3956D46DE8}") = "sandbox", "sandbox", "{903EF237-F3E4-437C-9A10-065104282572}"
EndProject
Project("{9A19103F-16F7-4668-BE54-9A1E7A4F7556}") = "sandbox_project", "sandbox\sandbox_project\sandbox_project.csproj", "{4C7EEE37-DD87-4837-8A33-7E737F6CB360}"
EndProject
Project("{2150E333-8FDC-42A3-9474-1A3956D46DE8}") = "week01", "week01", "{CF7D8D44-63B6-4E03-8A38-E7AC04EB430D}"
EndProject
Project("{9A19103F-16F7-4668-BE54-9A1E7A4F7556}") = "analyze", "week01\analyze\analyze.csproj", "{FEB2C9CB-E716-468A-8E4B-407E5D6FAC17}"
EndProject
Project("{9A19103F-16F7-4668-BE54-9A1E7A4F7556}") = "code", "week01\code\code.csproj", "{ECDFD1C9-600F-4C6C-A9A0-F7E5527CC3AD}"
EndProject
Project("{9A19103F-16F7-4668-BE54-9A1E7A4F7556}") = "teach", "week01\teach\teach.csproj", "{6F4023AA-BEA8-42BE-BFDF-A98094D0D639}"
EndProject
Project("{2150E333-8FDC-42A3-9474-1A3956D46DE8}") = "week02", "week02", "{EB667168-3BF0-4B9C-A923-D3535C87B546}"
EndProject
Project("{9A19103F-16F7-4668-BE54-9A1E7A4F7556}") = "analyze", "week02\analyze\analyze.csproj", "{B46CD30A-18C9-4C41-9BCA-0D2520CA31A2}"
EndProject
Project("{9A19103F-16F7-4668-BE54-9A1E7A4F7556}") = "code", "week02\code\code.csproj", "{BC910C2D-AEB6-4FED-B2B0-5122378B07E1}"
EndProject
Project("{9A19103F-16F7-4668-BE54-9A1E7A4F7556}") = "learn", "week02\learn\learn.csproj", "{E035A3F7-4A02-4988-B88A-12F2053AE0BB}"
EndProject
Project("{9A19103F-16F7-4668-BE54-9A1E7A4F7556}") = "teach", "week02\teach\teach.csproj", "{5A65C1D6-E944-41FF-9D26-BBE7E6BC37EA}"
EndProject
Project("{2150E333-8FDC-42A3-9474-1A3956D46DE8}") = "week03", "week03", "{A5334B0F-B3A5-4E1D-A0CF-58C6FF220484}"
EndProject
Project("{9A19103F-16F7-4668-BE54-9A1E7A4F7556}") = "code", "week03\code\code.csproj", "{6D3B8D53-53C3-4C68-B3BF-7E0E639B16AF}"
EndProject
Project("{9A19103F-16F7-4668-BE54-9A1E7A4F7556}") = "learn", "week03\learn\learn.csproj", "{837B7D2F-9401-4F7C-B51E-23CD66A6C5AA}"
EndProject
Project("{9A19103F-16F7-4668-BE54-9A1E7A4F7556}") = "teach", "week03\teach\teach.csproj", "{B662EEC0-07BA-45E2-B4CD-CB9D850716D6}"
EndProject
Project("{2150E333-8FDC-42A3-9474-1A3956D46DE8}") = "week04", "week04", "{7AF98BC2-0FC8-49C3-9505-AE45FE41258D}"
EndProject
Project("{9A19103F-16F7-4668-BE54-9A1E7A4F7556}") = "code", "week04\code\code.csproj", "{6F8C84E9-E073-41D0-9945-0BEEDF0B2CD1}"
EndProject
Project("{2150E333-8FDC-42A3-9474-1A3956D46DE8}") = "week05", "week05", "{0FF828A1-9B2D-440F-831B-B478EC38F393}"
EndProject
Project("{9A19103F-16F7-4668-BE54-9A1E7A4F7556}") = "code", "week05\code\code.csproj", "{5E71FDF6-1B82-49AD-93A4-3DEC6F2136A7}"
EndProject
Project("{2150E333-8FDC-42A3-9474-1A3956D46DE8}") = "week06", "week06", "{FB55606D-728C-4F6F-B50C-EA35FF358B72}"
EndProject
Project("{9A19103F-16F7-4668-BE54-9A1E7A4F7556}") = "code", "week06\code\code.csproj", "{BEC8FF3C-9AEA-46B4-B099-90D8BE31E30F}"
EndProject
Global
	GlobalSection(SolutionConfigurationPlatforms) = preSolution
		Debug|Any CPU = Debug|Any CPU
		Release|Any CPU = Release|Any CPU
	EndGlobalSection
	GlobalSection(ProjectConfigurationPlatforms) = postSolution
		{4C7EEE37-DD87-4837-8A33-7E737F6CB360}.Debug|Any CPU.ActiveCfg = Debug|Any CPU
		{4C7EEE37-DD87-4837-8A33-7E737F6CB360}.Debug|Any CPU.Build.0 = Debug|Any CPU
		{4C7EEE37-DD87-4837-8A33-7E737F6CB360}.Release|Any CPU.ActiveCfg = Release|Any CPU
		{4C7EEE37-DD87-4837-8A33-7E737F6CB360}.Release|Any CPU.Build.0 = Release|Any CPU
		{FEB2C9CB-E716-468A-8E4B-407E5D6FAC17}.Debug|Any CPU.ActiveCfg = Debug|Any CPU
		{FEB2C9CB-E716-468A-8E4B-407E5D6FAC17}.Debug|Any CPU.Build.0 = Debug|Any CPU
		{FEB2C9CB-E716-468A-8E4B-407E5D6FAC17}.Release|Any CPU.ActiveCfg = Release|Any CPU
		{FEB2C9CB-E716-468A-8E4B-407E5D6FAC17}.Release|Any CPU.Build.0 = Release|Any CPU
		{ECDFD1C9-600F-4C6C-A9A0-F7E5527CC3AD}.Debug|Any CPU.ActiveCfg = Debug|Any CPU
		{ECDFD1C9-600F-4C6C-A9A0-F7E5527CC3AD}.Debug|Any CPU.Build.0 = Debug|Any CPU
		{ECDFD1C9-600F-4C6C-A9A0-F7E5527CC3AD}.Release|Any CPU.ActiveCfg = Release|Any CPU
		{ECDFD1C9-600F-4C6C-A9A0-F7E5527CC3AD}.Release|Any CPU.Build.0 = Release|Any CPU
		{6F4023AA-BEA8-42BE-BFDF-A98094D0D639}.Debug|Any CPU.ActiveCfg = Debug|Any CPU
		{6F4023AA-BEA8-42BE-BFDF-A98094D0D639}.Debug|Any CPU.Build.0 = Debug|Any CPU
		{6F4023AA-BEA8-42BE-BFDF-A98094D0D639}.Release|Any CPU.ActiveCfg = Release|Any CPU
		{6F4023AA-BEA8-42BE-BFDF-A98094D0D639}.Release|Any CPU.Build.0 = Release|Any CPU
		{B46CD30A-18C9-4C41-9BCA-0D2520CA31A2}.Debug|Any CPU.ActiveCfg = Debug|Any CPU
		{B46CD30A-18C9-4C41-9BCA-0D2520CA31A2}.Debug|Any CPU.Build.0 = Debug|Any CPU
		{B46CD30A-18C9-4C41-9BCA-0D2520CA31A2}.Release|Any CPU.ActiveCfg = Release|Any CPU
		{B46CD30A-18C9-4C41-9BCA-0D2520CA31A2}.Release|Any CPU.Build.0 = Release|Any CPU
		{BC910C2D-AEB6-4FED-B2B0-5122378B07E1}.Debug|Any CPU.ActiveCfg = Debug|Any CPU
		{BC910C2D-AEB6-4FED-B2B0-5122378B07E1}.Debug|Any CPU.Build.0 = Debug|Any CPU
		{BC910C2D-AEB6-4FED-B2B0-5122378B07E1}.Release|Any CPU.ActiveCfg = Release|Any CPU
		{BC910C2D-AEB6-4FED-B2B0-5122378B07E1}.Release|Any CPU.Build.0 = Release|Any CPU
		{E035A3F7-4A02-4988-B88A-12F2053AE0BB}.Debug|Any CPU.ActiveCfg = Debug|Any CPU
		{E035A3F7-4A02-4988-B88A-12F2053AE0BB}.Debug|Any CPU.Build.0 = Debug|Any CPU
		{E035A3F7-4A02-4988-B88A-12F2053AE0BB}.Release|Any CPU.ActiveCfg = Release|Any CPU
		{E035A3F7-4A02-4988-B88A-12F2053AE0BB}.Release|Any CPU.Build.0 = Release|Any CPU
		{5A65C1D6-E944-41FF-9D26-BBE7E6BC37EA}.Debug|Any CPU.ActiveCfg = Debug|Any CPU
		{5A65C1D6-E944-41FF-9D26-BBE7E6BC37EA}.Debug|Any CPU.Build.0 = Debug|Any CPU
		{5A65C1D6-E944-41FF-9D26-BBE7E6BC37EA}.Release|Any CPU.ActiveCfg = Release|Any CPU
		{5A65C1D6-E944-41FF-9D26-BBE7E6BC37EA}.Release|Any CPU.Build.0 = Release|Any CPU
		{6D3B8D53-53C3-4C68-B3BF-7E0E639B16AF}.Debug|Any CPU.ActiveCfg = Debug|Any CPU
		{6D3B8D53-53C3-4C68-B3BF-7E0E639B16AF}.Debug|Any CPU.Build.0 = Debug|Any CPU
		{6D3B8D53-53C3-4C68-B3BF-7E0E639B16AF}.Release|Any CPU.ActiveCfg = Release|Any CPU
		{6D3B8D53-53C3-4C68-B3BF-7E0E639B16AF}.Release|Any CPU.Build.0 = Release|Any CPU
		{837B7D2F-9401-4F7C-B51E-23CD66A6C5AA}.Debug|Any CPU.ActiveCfg = Debug|Any CPU
		{837B7D2F-9401-4F7C-B51E-23CD66A6C5AA}.Debug|Any CPU.Build.0 = Debug|Any CPU
		{837B7D2F-9401-4F7C-B51E-23CD66A6C5AA}.Release|Any CPU.ActiveCfg = Release|Any CPU
		{837B7D2F-9401-4F7C-B51E-23CD66A6C5AA}.Release|Any CPU.Build.0 = Release|Any CPU
		{B662EEC0-07BA-45E2-B4CD-CB9D850716D6}.Debug|Any CPU.ActiveCfg = Debug|Any CPU
		{B662EEC0-07BA-45E2-B4CD-CB9D850716D6}.Debug|Any CPU.Build.0 = Debug|Any CPU
		{B662EEC0-07BA-45E2-B4CD-CB9D850716D6}.Release|Any CPU.ActiveCfg = Release|Any CPU
		{B662EEC0-07BA-45E2-B4CD-CB9D850716D6}.Release|Any CPU.Build.0 = Release|Any CPU
		{6F8C84E9-E073-41D0-9945-0BEEDF0B2CD1}.Debug|Any CPU.ActiveCfg = Debug|Any CPU
		{6F8C84E9-E073-41D0-9945-0BEEDF0B2CD1}.Debug|Any CPU.Build.0 = Debug|Any CPU
		{6F8C84E9-E073-41D0-9945-0BEEDF0B2CD1}.Release|Any CPU.ActiveCfg = Release|Any CPU
		{6F8C84E9-E073-41D0-9945-0BEEDF0B2CD1}.Release|Any CPU.Build.0 = Release|Any CPU
		{5E71FDF6-1B82-49AD-93A4-3DEC6F2136A7}.Debug|Any CPU.ActiveCfg = Debug|Any CPU
		{5E71FDF6-1B82-49AD-93A4-3DEC6F2136A7}.Debug|Any CPU.Build.0 = Debug|Any CPU
		{5E71FDF6-1B82-49AD-93A4-3DEC6F2136A7}.Release|Any CPU.ActiveCfg = Release|Any CPU
		{5E71FDF6-1B82-49AD-93A4-3DEC6F2136A7}.Release|Any CPU.Build.0 = Release|Any CPU
		{BEC8FF3C-9AEA-46B4-B099-90D8BE31E30F}.Debug|Any CPU.ActiveCfg = Debug|Any CPU
		{BEC8FF3C-9AEA-46B4-B099-90D8BE31E30F}.Debug|Any CPU.Build.0 = Debug|Any CPU
		{BEC8FF3C-9AEA-46B4-B099-90D8BE31E30F}.Release|Any CPU.ActiveCfg = Release|Any CPU
		{BEC8FF3C-9AEA-46B4-B099-90D8BE31E30F}.Release|Any CPU.Build.0 = Release|Any CPU
	EndGlobalSection
	GlobalSection(SolutionProperties) = preSolution
		HideSolutionNode = FALSE
	EndGlobalSection
	GlobalSection(NestedProjects) = preSolution
		{4C7EEE37-DD87-4837-8A33-7E737F6CB360} = {903EF237-F3E4-437C-9A10-065104282572}
		{FEB2C9CB-E716-468A-8E4B-407E5D6FAC17} = {CF7D8D44-63B6-4E03-8A38-E7AC04EB430D}
		{ECDFD1C9-600F-4C6C-A9A0-F7E5527CC3AD} = {CF7D8D44-63B6-4E03-8A38-E7AC04EB430D}
		{6F4023AA-BEA8-42BE-BFDF-A98094D0D639} = {CF7D8D44-63B6-4E03-8A38-E7AC04EB430D}
		{B46CD30A-18C9-4C41-9BCA-0D2520CA31A2} = {EB667168-3BF0-4B9C-A923-D3535C87B546}
		{BC910C2D-AEB6-4FED-B2B0-5122378B07E1} = {EB667168-3BF0-4B9C-A923-D3535C87B546}
		{E035A3F7-4A02-4988-B88A-12F2053AE0BB} = {EB667168-3BF0-4B9C-A923-D3535C87B546}
		{5A65C1D6-E944-41FF-9D26-BBE7E6BC37EA} = {EB667168-3BF0-4B9C-A923-D3535C87B546}
		{6D3B8D53-53C3-4C68-B3BF-7E0E639B16AF} = {A5334B0F-B3A5-4E1D-A0CF-58C6FF220484}
		{837B7D2F-9401-4F7C-B51E-23CD66A6C5AA} = {A5334B0F-B3A5-4E1D-A0CF-58C6FF220484}
		{B662EEC0-07BA-45E2-B4CD-CB9D850716D6} = {A5334B0F-B3A5-4E1D-A0CF-58C6FF220484}
		{6F8C84E9-E073-41D0-9945-0BEEDF0B2CD1} = {7AF98BC2-0FC8-49C3-9505-AE45FE41258D}
		{5E71FDF6-1B82-49AD-93A4-3DEC6F2136A7} = {0FF828A1-9B2D-440F-831B-B478EC38F393}
		{BEC8FF3C-9AEA-46B4-B099-90D8BE31E30F} = {FB55606D-728C-4F6F-B50C-EA35FF358B72}
	EndGlobalSection
	GlobalSection(ExtensibilityGlobals) = postSolution
		SolutionGuid = {D7171142-D38B-4639-8E48-DD549236A716}
	EndGlobalSection
EndGlobal
